
Microsoft Visual Studio Solution File, Format Version 12.00
# Visual Studio Version 17
VisualStudioVersion = 17.10.34928.147
MinimumVisualStudioVersion = 10.0.40219.1
Project("{FAE04EC0-301F-11D3-BF4B-00C04F79EFBC}") = "Ehrlich_Coding_Exam_PrimeNumbers", "Ehrlich_Coding_Exam_PrimeNumbers\Ehrlich_Coding_Exam_PrimeNumbers.csproj", "{ABD2CC0C-21F7-4BDD-B932-8BABFE26EFF8}"
EndProject
Global
	GlobalSection(SolutionConfigurationPlatforms) = preSolution
		Debug|Any CPU = Debug|Any CPU
		Release|Any CPU = Release|Any CPU
	EndGlobalSection
	GlobalSection(ProjectConfigurationPlatforms) = postSolution
		{ABD2CC0C-21F7-4BDD-B932-8BABFE26EFF8}.Debug|Any CPU.ActiveCfg = Debug|Any CPU
		{ABD2CC0C-21F7-4BDD-B932-8BABFE26EFF8}.Debug|Any CPU.Build.0 = Debug|Any CPU
		{ABD2CC0C-21F7-4BDD-B932-8BABFE26EFF8}.Release|Any CPU.ActiveCfg = Release|Any CPU
		{ABD2CC0C-21F7-4BDD-B932-8BABFE26EFF8}.Release|Any CPU.Build.0 = Release|Any CPU
	EndGlobalSection
	GlobalSection(SolutionProperties) = preSolution
		HideSolutionNode = FALSE
	EndGlobalSection
	GlobalSection(ExtensibilityGlobals) = postSolution
		SolutionGuid = {B04778B7-CD49-4A01-999D-CA7A353FAA5B}
	EndGlobalSection
EndGlobal
